PODS:
  - FBSnapshotTestCase (2.1.4):
    - FBSnapshotTestCase/SwiftSupport (= 2.1.4)
  - FBSnapshotTestCase/Core (2.1.4)
  - FBSnapshotTestCase/SwiftSupport (2.1.4):
    - FBSnapshotTestCase/Core
  - TCCloudTalking (1.0.0)

DEPENDENCIES:
  - FBSnapshotTestCase
  - TCCloudTalking (from `../`)

SPEC REPOS:
  https://github.com/cocoapods/specs.git:
    - FBSnapshotTestCase

EXTERNAL SOURCES:
  TCCloudTalking:
    :path: "../"

SPEC CHECKSUMS:
  FBSnapshotTestCase: 094f9f314decbabe373b87cc339bea235a63e07a
  TCCloudTalking: 5204c288bd949b534350e69955204c1f9345030c

PODFILE CHECKSUM: a86865dbd704557be2116ef9d9da4cbb3f1f8791

COCOAPODS: 1.7.5
